
Microsoft Visual Studio Solution File, Format Version 12.00
# Visual Studio 2013
VisualStudioVersion = 12.0.21005.1
MinimumVisualStudioVersion = 10.0.40219.1
Project("{FAE04EC0-301F-11D3-BF4B-00C04F79EFBC}") = "RosaDosVentos", "RosaDosVentos\RosaDosVentos.csproj", "{A6A7415E-A352-436D-B080-6499DDBD720F}"
EndProject
Project("{FAE04EC0-301F-11D3-BF4B-00C04F79EFBC}") = "InicializarBanco", "InicializarBanco\InicializarBanco.csproj", "{8FC3783B-84E4-4550-A54E-1B50E68A4DBE}"
EndProject
Project("{FAE04EC0-301F-11D3-BF4B-00C04F79EFBC}") = "Persistencia", "Persistencia\Persistencia.csproj", "{7B5A5E51-03D5-4DD9-8C71-2DCA493914EA}"
EndProject
Project("{FAE04EC0-301F-11D3-BF4B-00C04F79EFBC}") = "Entidades", "Entidades\Entidades.csproj", "{304B604A-7F36-42A3-A85A-411DC0928B46}"
EndProject
Project("{2150E333-8FDC-42A3-9474-1A3956D46DE8}") = "CamadaDeDados", "CamadaDeDados", "{15A17FC8-4B85-43BF-898D-7E0D946F1CB4}"
EndProject
Project("{FAE04EC0-301F-11D3-BF4B-00C04F79EFBC}") = "Regras", "Regras\Regras.csproj", "{AB779EF5-81BF-4F5C-A628-637B1133BF18}"
EndProject
Project("{FAE04EC0-301F-11D3-BF4B-00C04F79EFBC}") = "DTO", "DTO\DTO.csproj", "{DA4800CA-426A-4877-9344-C2C557046BC1}"
EndProject
Project("{FAE04EC0-301F-11D3-BF4B-00C04F79EFBC}") = "Consultas", "Consultas\Consultas.csproj", "{AE9A6861-CC7A-4BCF-83A7-5F13031174F7}"
EndProject
Global
	GlobalSection(SolutionConfigurationPlatforms) = preSolution
		Debug|Any CPU = Debug|Any CPU
		Release|Any CPU = Release|Any CPU
	EndGlobalSection
	GlobalSection(ProjectConfigurationPlatforms) = postSolution
		{A6A7415E-A352-436D-B080-6499DDBD720F}.Debug|Any CPU.ActiveCfg = Debug|Any CPU
		{A6A7415E-A352-436D-B080-6499DDBD720F}.Debug|Any CPU.Build.0 = Debug|Any CPU
		{A6A7415E-A352-436D-B080-6499DDBD720F}.Release|Any CPU.ActiveCfg = Release|Any CPU
		{A6A7415E-A352-436D-B080-6499DDBD720F}.Release|Any CPU.Build.0 = Release|Any CPU
		{8FC3783B-84E4-4550-A54E-1B50E68A4DBE}.Debug|Any CPU.ActiveCfg = Debug|Any CPU
		{8FC3783B-84E4-4550-A54E-1B50E68A4DBE}.Debug|Any CPU.Build.0 = Debug|Any CPU
		{8FC3783B-84E4-4550-A54E-1B50E68A4DBE}.Release|Any CPU.ActiveCfg = Release|Any CPU
		{8FC3783B-84E4-4550-A54E-1B50E68A4DBE}.Release|Any CPU.Build.0 = Release|Any CPU
		{7B5A5E51-03D5-4DD9-8C71-2DCA493914EA}.Debug|Any CPU.ActiveCfg = Debug|Any CPU
		{7B5A5E51-03D5-4DD9-8C71-2DCA493914EA}.Debug|Any CPU.Build.0 = Debug|Any CPU
		{7B5A5E51-03D5-4DD9-8C71-2DCA493914EA}.Release|Any CPU.ActiveCfg = Release|Any CPU
		{7B5A5E51-03D5-4DD9-8C71-2DCA493914EA}.Release|Any CPU.Build.0 = Release|Any CPU
		{304B604A-7F36-42A3-A85A-411DC0928B46}.Debug|Any CPU.ActiveCfg = Debug|Any CPU
		{304B604A-7F36-42A3-A85A-411DC0928B46}.Debug|Any CPU.Build.0 = Debug|Any CPU
		{304B604A-7F36-42A3-A85A-411DC0928B46}.Release|Any CPU.ActiveCfg = Release|Any CPU
		{304B604A-7F36-42A3-A85A-411DC0928B46}.Release|Any CPU.Build.0 = Release|Any CPU
		{AB779EF5-81BF-4F5C-A628-637B1133BF18}.Debug|Any CPU.ActiveCfg = Debug|Any CPU
		{AB779EF5-81BF-4F5C-A628-637B1133BF18}.Debug|Any CPU.Build.0 = Debug|Any CPU
		{AB779EF5-81BF-4F5C-A628-637B1133BF18}.Release|Any CPU.ActiveCfg = Release|Any CPU
		{AB779EF5-81BF-4F5C-A628-637B1133BF18}.Release|Any CPU.Build.0 = Release|Any CPU
		{DA4800CA-426A-4877-9344-C2C557046BC1}.Debug|Any CPU.ActiveCfg = Debug|Any CPU
		{DA4800CA-426A-4877-9344-C2C557046BC1}.Debug|Any CPU.Build.0 = Debug|Any CPU
		{DA4800CA-426A-4877-9344-C2C557046BC1}.Release|Any CPU.ActiveCfg = Release|Any CPU
		{DA4800CA-426A-4877-9344-C2C557046BC1}.Release|Any CPU.Build.0 = Release|Any CPU
		{AE9A6861-CC7A-4BCF-83A7-5F13031174F7}.Debug|Any CPU.ActiveCfg = Debug|Any CPU
		{AE9A6861-CC7A-4BCF-83A7-5F13031174F7}.Debug|Any CPU.Build.0 = Debug|Any CPU
		{AE9A6861-CC7A-4BCF-83A7-5F13031174F7}.Release|Any CPU.ActiveCfg = Release|Any CPU
		{AE9A6861-CC7A-4BCF-83A7-5F13031174F7}.Release|Any CPU.Build.0 = Release|Any CPU
	EndGlobalSection
	GlobalSection(SolutionProperties) = preSolution
		HideSolutionNode = FALSE
	EndGlobalSection
	GlobalSection(NestedProjects) = preSolution
		{7B5A5E51-03D5-4DD9-8C71-2DCA493914EA} = {15A17FC8-4B85-43BF-898D-7E0D946F1CB4}
		{8FC3783B-84E4-4550-A54E-1B50E68A4DBE} = {15A17FC8-4B85-43BF-898D-7E0D946F1CB4}
	EndGlobalSection
EndGlobal
